
Microsoft Visual Studio Solution File, Format Version 12.00
# Visual Studio 2012
Project("{FAE04EC0-301F-11D3-BF4B-00C04F79EFBC}") = "KR2_WFA_Iliyan_Kostov_19621609", "KR2_WFA_Iliyan_Kostov_19621609\KR2_WFA_Iliyan_Kostov_19621609.csproj", "{F1610417-20E8-4C39-B8E0-F9BB15ECFB38}"
EndProject
Global
	GlobalSection(SolutionConfigurationPlatforms) = preSolution
		Debug|Any CPU = Debug|Any CPU
		Release|Any CPU = Release|Any CPU
	EndGlobalSection
	GlobalSection(ProjectConfigurationPlatforms) = postSolution
		{F1610417-20E8-4C39-B8E0-F9BB15ECFB38}.Debug|Any CPU.ActiveCfg = Debug|Any CPU
		{F1610417-20E8-4C39-B8E0-F9BB15ECFB38}.Debug|Any CPU.Build.0 = Debug|Any CPU
		{F1610417-20E8-4C39-B8E0-F9BB15ECFB38}.Release|Any CPU.ActiveCfg = Release|Any CPU
		{F1610417-20E8-4C39-B8E0-F9BB15ECFB38}.Release|Any CPU.Build.0 = Release|Any CPU
	EndGlobalSection
	GlobalSection(SolutionProperties) = preSolution
		HideSolutionNode = FALSE
	EndGlobalSection
EndGlobal
