
Microsoft Visual Studio Solution File, Format Version 12.00
# Visual Studio 2012
Project("{FAE04EC0-301F-11D3-BF4B-00C04F79EFBC}") = "WFA_Vaccine", "WFA_Vaccine\WFA_Vaccine.csproj", "{CC96BE02-9FCD-4FFA-B5A2-87FDFB8C3AB5}"
EndProject
Global
	GlobalSection(SolutionConfigurationPlatforms) = preSolution
		Debug|Any CPU = Debug|Any CPU
		Release|Any CPU = Release|Any CPU
	EndGlobalSection
	GlobalSection(ProjectConfigurationPlatforms) = postSolution
		{CC96BE02-9FCD-4FFA-B5A2-87FDFB8C3AB5}.Debug|Any CPU.ActiveCfg = Debug|Any CPU
		{CC96BE02-9FCD-4FFA-B5A2-87FDFB8C3AB5}.Debug|Any CPU.Build.0 = Debug|Any CPU
		{CC96BE02-9FCD-4FFA-B5A2-87FDFB8C3AB5}.Release|Any CPU.ActiveCfg = Release|Any CPU
		{CC96BE02-9FCD-4FFA-B5A2-87FDFB8C3AB5}.Release|Any CPU.Build.0 = Release|Any CPU
	EndGlobalSection
	GlobalSection(SolutionProperties) = preSolution
		HideSolutionNode = FALSE
	EndGlobalSection
EndGlobal
